
Microsoft Visual Studio Solution File, Format Version 12.00
# Visual Studio 14
VisualStudioVersion = 14.0.25420.1
MinimumVisualStudioVersion = 10.0.40219.1
Project("{FAE04EC0-301F-11D3-BF4B-00C04F79EFBC}") = "Bootstrapper", "Bootstrapper\Bootstrapper.csproj", "{CFCB9DF0-486C-4369-9B97-73B6BFBFEC45}"
EndProject
Project("{FAE04EC0-301F-11D3-BF4B-00C04F79EFBC}") = "SharedLibrary", "SharedLibrary\SharedLibrary.csproj", "{F7E8D04A-25C4-45AF-82EF-DA4E31A1F241}"
EndProject
Global
	GlobalSection(SolutionConfigurationPlatforms) = preSolution
		Debug|Any CPU = Debug|Any CPU
		Release|Any CPU = Release|Any CPU
	EndGlobalSection
	GlobalSection(ProjectConfigurationPlatforms) = postSolution
		{CFCB9DF0-486C-4369-9B97-73B6BFBFEC45}.Debug|Any CPU.ActiveCfg = Debug|Any CPU
		{CFCB9DF0-486C-4369-9B97-73B6BFBFEC45}.Debug|Any CPU.Build.0 = Debug|Any CPU
		{CFCB9DF0-486C-4369-9B97-73B6BFBFEC45}.Release|Any CPU.ActiveCfg = Release|Any CPU
		{CFCB9DF0-486C-4369-9B97-73B6BFBFEC45}.Release|Any CPU.Build.0 = Release|Any CPU
		{F7E8D04A-25C4-45AF-82EF-DA4E31A1F241}.Debug|Any CPU.ActiveCfg = Debug|Any CPU
		{F7E8D04A-25C4-45AF-82EF-DA4E31A1F241}.Debug|Any CPU.Build.0 = Debug|Any CPU
		{F7E8D04A-25C4-45AF-82EF-DA4E31A1F241}.Release|Any CPU.ActiveCfg = Release|Any CPU
		{F7E8D04A-25C4-45AF-82EF-DA4E31A1F241}.Release|Any CPU.Build.0 = Release|Any CPU
	EndGlobalSection
	GlobalSection(SolutionProperties) = preSolution
		HideSolutionNode = FALSE
	EndGlobalSection
EndGlobal
